
Microsoft Visual Studio Solution File, Format Version 12.00
# Visual Studio Version 16
VisualStudioVersion = 16.0.31613.86
MinimumVisualStudioVersion = 10.0.40219.1
Project("{FAE04EC0-301F-11D3-BF4B-00C04F79EFBC}") = "BP-AdvancedVideo", "BP-AdvancedVideo\BP-AdvancedVideo.csproj", "{1AB37CFE-CD46-4BC1-AD60-645F8CE915D3}"
EndProject
Global
	GlobalSection(SolutionConfigurationPlatforms) = preSolution
		Debug|Any CPU = Debug|Any CPU
		Release|Any CPU = Release|Any CPU
	EndGlobalSection
	GlobalSection(ProjectConfigurationPlatforms) = postSolution
		{1AB37CFE-CD46-4BC1-AD60-645F8CE915D3}.Debug|Any CPU.ActiveCfg = Debug|Any CPU
		{1AB37CFE-CD46-4BC1-AD60-645F8CE915D3}.Debug|Any CPU.Build.0 = Debug|Any CPU
		{1AB37CFE-CD46-4BC1-AD60-645F8CE915D3}.Release|Any CPU.ActiveCfg = Release|Any CPU
		{1AB37CFE-CD46-4BC1-AD60-645F8CE915D3}.Release|Any CPU.Build.0 = Release|Any CPU
	EndGlobalSection
	GlobalSection(SolutionProperties) = preSolution
		HideSolutionNode = FALSE
	EndGlobalSection
	GlobalSection(ExtensibilityGlobals) = postSolution
		SolutionGuid = {0FFAB9E8-8ACA-4932-B7CE-71D0D49FFE11}
	EndGlobalSection
EndGlobal
